
Microsoft Visual Studio Solution File, Format Version 12.00
# Visual Studio Version 17
VisualStudioVersion = 17.1.32328.378
MinimumVisualStudioVersion = 10.0.40219.1
Project("{FAE04EC0-301F-11D3-BF4B-00C04F79EFBC}") = "NetTest_1", "NetTest_1\NetTest_1.csproj", "{CBE1F173-7073-48D0-804B-AD713B9CE251}"
EndProject
Global
	GlobalSection(SolutionConfigurationPlatforms) = preSolution
		Debug|Any CPU = Debug|Any CPU
		Release|Any CPU = Release|Any CPU
	EndGlobalSection
	GlobalSection(ProjectConfigurationPlatforms) = postSolution
		{CBE1F173-7073-48D0-804B-AD713B9CE251}.Debug|Any CPU.ActiveCfg = Debug|Any CPU
		{CBE1F173-7073-48D0-804B-AD713B9CE251}.Debug|Any CPU.Build.0 = Debug|Any CPU
		{CBE1F173-7073-48D0-804B-AD713B9CE251}.Release|Any CPU.ActiveCfg = Release|Any CPU
		{CBE1F173-7073-48D0-804B-AD713B9CE251}.Release|Any CPU.Build.0 = Release|Any CPU
	EndGlobalSection
	GlobalSection(SolutionProperties) = preSolution
		HideSolutionNode = FALSE
	EndGlobalSection
	GlobalSection(ExtensibilityGlobals) = postSolution
		SolutionGuid = {C6DFAA63-BACB-4438-B5DC-110DDC4A9D86}
	EndGlobalSection
EndGlobal
